{
  "name": "ts-sphere",
  "version": "0.0.0",
  "lockfileVersion": 2,
  "requires": true,
  "packages": {
    "": {
      "version": "0.0.0",
      "license": "ISC",
      "dependencies": {
        "@types/sphere-engine-browser": "^2.0.0",
        "typescript": "^4.1.2"
      }
    },
    "node_modules/@types/sphere-engine-browser": {
      "version": "2.0.0",
      "resolved": "https://registry.npmjs.org/@types/sphere-engine-browser/-/sphere-engine-browser-2.0.0.tgz",
      "integrity": "sha512-HGlpbxfAvG4+46/fEWebwtutq/1JKkZ4iRf3GDMY2d2b81ndcaG8gGULE5hPZn0KEVFEJjfgubxs4omtph8rhQ=="
    },
    "node_modules/typescript": {
      "version": "4.1.2",
      "resolved": "https://registry.npmjs.org/typescript/-/typescript-4.1.2.tgz",
      "integrity": "sha512-thGloWsGH3SOxv1SoY7QojKi0tc+8FnOmiarEGMbd/lar7QOEd3hvlx3Fp5y6FlDUGl9L+pd4n2e+oToGMmhRQ==",
      "bin": {
        "tsc": "bin/tsc",
        "tsserver": "bin/tsserver"
      },
      "engines": {
        "node": ">=4.2.0"
      }
    }
  },
  "dependencies": {
    "@types/sphere-engine-browser": {
      "version": "2.0.0",
      "resolved": "https://registry.npmjs.org/@types/sphere-engine-browser/-/sphere-engine-browser-2.0.0.tgz",
      "integrity": "sha512-HGlpbxfAvG4+46/fEWebwtutq/1JKkZ4iRf3GDMY2d2b81ndcaG8gGULE5hPZn0KEVFEJjfgubxs4omtph8rhQ=="
    },
    "typescript": {
      "version": "4.1.2",
      "resolved": "https://registry.npmjs.org/typescript/-/typescript-4.1.2.tgz",
      "integrity": "sha512-thGloWsGH3SOxv1SoY7QojKi0tc+8FnOmiarEGMbd/lar7QOEd3hvlx3Fp5y6FlDUGl9L+pd4n2e+oToGMmhRQ=="
    }
  }
}
